
Microsoft Visual Studio Solution File, Format Version 12.00
# Visual Studio Version 16
VisualStudioVersion = 16.0.30204.135
MinimumVisualStudioVersion = 10.0.40219.1
Project("{FAE04EC0-301F-11D3-BF4B-00C04F79EFBC}") = "ColorDensityApp", "ColorDensityApp\ColorDensityApp.csproj", "{1DF1EDB0-9FC4-4F0F-8F4F-D2C905E9A2F0}"
EndProject
Global
	GlobalSection(SolutionConfigurationPlatforms) = preSolution
		Debug|Any CPU = Debug|Any CPU
		Release|Any CPU = Release|Any CPU
	EndGlobalSection
	GlobalSection(ProjectConfigurationPlatforms) = postSolution
		{1DF1EDB0-9FC4-4F0F-8F4F-D2C905E9A2F0}.Debug|Any CPU.ActiveCfg = Debug|Any CPU
		{1DF1EDB0-9FC4-4F0F-8F4F-D2C905E9A2F0}.Debug|Any CPU.Build.0 = Debug|Any CPU
		{1DF1EDB0-9FC4-4F0F-8F4F-D2C905E9A2F0}.Release|Any CPU.ActiveCfg = Release|Any CPU
		{1DF1EDB0-9FC4-4F0F-8F4F-D2C905E9A2F0}.Release|Any CPU.Build.0 = Release|Any CPU
	EndGlobalSection
	GlobalSection(SolutionProperties) = preSolution
		HideSolutionNode = FALSE
	EndGlobalSection
	GlobalSection(ExtensibilityGlobals) = postSolution
		SolutionGuid = {A72C8D02-9D34-4D2B-AFB9-28DB877DB311}
	EndGlobalSection
EndGlobal
